{
    "_meta": {
        "hash": {
            "sha256": "14a54016495973d4ab3887b9515aa4dda35c24623b21719aea627bb6f2cd0420"
        },
        "pipfile-spec": 6,
        "requires": {
            "python_version": "3.10"
        },
        "sources": [
            {
                "name": "pypi",
                "url": "https://pypi.org/simple",
                "verify_ssl": true
            }
        ]
    },
    "default": {
        "casbin": {
            "hashes": [
                "sha256:57a473a47e984adafa21674a6c3ddaf8857a1aa9359b7f561bd98d4258a9cbff",
                "sha256:b910a3c42bf8ece636a86b67c0e1d1d6c80d4a42469af0d62ee230adbfc6d7af"
            ],
            "index": "pypi",
            "version": "==1.17.5"
        },
        "path": {
            "hashes": [
                "sha256:30fcdc78febebc7b8732dea1bd7393eed8e1fff9add6791af75a29909508f31b",
                "sha256:bea3816e1d54f4e33aac78d2031a0b0ed2f95e69db85b45d51f17df97071da69"
            ],
            "index": "pypi",
            "version": "==16.6.0"
        },
        "simpleeval": {
            "hashes": [
                "sha256:3e0be507486d4e21cf9d08847c7e57dd61a1603950399985f7c5a0be7fd33e36",
                "sha256:d82faa7dc88379614ea3b385fd84cc24f0aa4853432e267718526e5aeac6b1b9"
            ],
            "version": "==0.9.12"
        }
    },
    "develop": {}
}
